<?xml version="1.0" encoding="utf-8"?>
<Project ToolsVersion="4.0" xmlns="http://schemas.microsoft.com/developer/msbuild/2003">
  <ItemGroup>
    <Filter Include="Source Files">
      <UniqueIdentifier>{4FC737F1-C7A5-4376-A066-2A32D752A2FF}</UniqueIdentifier>
      <Extensions>cpp;c;cc;cxx;c++;def;odl;idl;hpj;bat;asm;asmx</Extensions>
    </Filter>
    <Filter Include="Header Files">
      <UniqueIdentifier>{93995380-89BD-4b04-88EB-625FBE52EBFB}</UniqueIdentifier>
      <Extensions>h;hh;hpp;hxx;h++;hm;inl;inc;ipp;xsd</Extensions>
    </Filter>
    <Filter Include="Resource Files">
      <UniqueIdentifier>{67DA6AB6-F800-4c08-8B7A-83BB121AAD01}</UniqueIdentifier>
      <Extensions>rc;ico;cur;bmp;dlg;rc2;rct;bin;rgs;gif;jpg;jpeg;jpe;resx;tiff;tif;png;wav;mfcribbon-ms</Extensions>
    </Filter>
  </ItemGroup>
  <ItemGroup>
    <ClInclude Include="neuralgenome.h">
      <Filter>Source Files</Filter>
    </ClInclude>
    <ClInclude Include="nodegene.h">
      <Filter>Source Files</Filter>
    </ClInclude>
    <ClInclude Include="noiselayer.h">
      <Filter>Source Files</Filter>
    </ClInclude>
    <ClInclude Include="plant.h">
      <Filter>Source Files</Filter>
    </ClInclude>
    <ClInclude Include="plantbody.h">
      <Filter>Source Files</Filter>
    </ClInclude>
    <ClInclude Include="shaderutility.h">
      <Filter>Source Files</Filter>
    </ClInclude>
    <ClInclude Include="terrainmanager.h">
      <Filter>Source Files</Filter>
    </ClInclude>
    <ClInclude Include="worldwindow.h">
      <Filter>Source Files</Filter>
    </ClInclude>
    <ClInclude Include="base.h">
      <Filter>Source Files</Filter>
    </ClInclude>
    <ClInclude Include="bush.h">
      <Filter>Source Files</Filter>
    </ClInclude>
    <ClInclude Include="bushbody.h">
      <Filter>Source Files</Filter>
    </ClInclude>
    <ClInclude Include="camera.h">
      <Filter>Source Files</Filter>
    </ClInclude>
    <ClInclude Include="connectiongene.h">
      <Filter>Source Files</Filter>
    </ClInclude>
    <ClInclude Include="contactlistener.h">
      <Filter>Source Files</Filter>
    </ClInclude>
    <ClInclude Include="creature.h">
      <Filter>Source Files</Filter>
    </ClInclude>
    <ClInclude Include="creaturebody.h">
      <Filter>Source Files</Filter>
    </ClInclude>
    <ClInclude Include="creaturewindow.h">
      <Filter>Source Files</Filter>
    </ClInclude>
    <ClInclude Include="entitymanager.h">
      <Filter>Source Files</Filter>
    </ClInclude>
    <ClInclude Include="FastNoise.h">
      <Filter>Source Files</Filter>
    </ClInclude>
    <ClInclude Include="Function.h">
      <Filter>Source Files</Filter>
    </ClInclude>
    <ClInclude Include="gene.h">
      <Filter>Source Files</Filter>
    </ClInclude>
    <ClInclude Include="genemarker.h">
      <Filter>Source Files</Filter>
    </ClInclude>
    <ClInclude Include="genome.h">
      <Filter>Source Files</Filter>
    </ClInclude>
    <ClInclude Include="hex.h">
      <Filter>Source Files</Filter>
    </ClInclude>
    <ClInclude Include="imconfig.h">
      <Filter>Source Files</Filter>
    </ClInclude>
    <ClInclude Include="imgui.h">
      <Filter>Source Files</Filter>
    </ClInclude>
    <ClInclude Include="imgui_impl_glfw.h">
      <Filter>Source Files</Filter>
    </ClInclude>
    <ClInclude Include="imgui_impl_opengl3.h">
      <Filter>Source Files</Filter>
    </ClInclude>
    <ClInclude Include="imgui_internal.h">
      <Filter>Source Files</Filter>
    </ClInclude>
    <ClInclude Include="imstb_rectpack.h">
      <Filter>Source Files</Filter>
    </ClInclude>
    <ClInclude Include="imstb_textedit.h">
      <Filter>Source Files</Filter>
    </ClInclude>
    <ClInclude Include="imstb_truetype.h">
      <Filter>Source Files</Filter>
    </ClInclude>
    <ClInclude Include="innovationmanager.h">
      <Filter>Source Files</Filter>
    </ClInclude>
    <ClInclude Include="input.h">
      <Filter>Source Files</Filter>
    </ClInclude>
    <ClInclude Include="livingentity.h">
      <Filter>Source Files</Filter>
    </ClInclude>
    <ClInclude Include="menu.h">
      <Filter>Source Files</Filter>
    </ClInclude>
    <ClInclude Include="menuwindow.h">
      <Filter>Source Files</Filter>
    </ClInclude>
    <ClInclude Include="netdata.h">
      <Filter>Source Files</Filter>
    </ClInclude>
    <ClInclude Include="netrender.h">
      <Filter>Source Files</Filter>
    </ClInclude>
  </ItemGroup>
  <ItemGroup>
    <ClCompile Include="nodegene.cpp">
      <Filter>Source Files</Filter>
    </ClCompile>
    <ClCompile Include="plant.cpp">
      <Filter>Source Files</Filter>
    </ClCompile>
    <ClCompile Include="plantbody.cpp">
      <Filter>Source Files</Filter>
    </ClCompile>
    <ClCompile Include="shaderutility.cpp">
      <Filter>Source Files</Filter>
    </ClCompile>
    <ClCompile Include="terrainmanager.cpp">
      <Filter>Source Files</Filter>
    </ClCompile>
    <ClCompile Include="worldwindow.cpp">
      <Filter>Source Files</Filter>
    </ClCompile>
    <ClCompile Include="Application.cpp">
      <Filter>Source Files</Filter>
    </ClCompile>
    <ClCompile Include="base.cpp">
      <Filter>Source Files</Filter>
    </ClCompile>
    <ClCompile Include="bush.cpp">
      <Filter>Source Files</Filter>
    </ClCompile>
    <ClCompile Include="bushbody.cpp">
      <Filter>Source Files</Filter>
    </ClCompile>
    <ClCompile Include="camera.cpp">
      <Filter>Source Files</Filter>
    </ClCompile>
    <ClCompile Include="connectiongene.cpp">
      <Filter>Source Files</Filter>
    </ClCompile>
    <ClCompile Include="creature.cpp">
      <Filter>Source Files</Filter>
    </ClCompile>
    <ClCompile Include="creaturebody.cpp">
      <Filter>Source Files</Filter>
    </ClCompile>
    <ClCompile Include="creaturewindow.cpp">
      <Filter>Source Files</Filter>
    </ClCompile>
    <ClCompile Include="entitymanager.cpp">
      <Filter>Source Files</Filter>
    </ClCompile>
    <ClCompile Include="FastNoise.cpp">
      <Filter>Source Files</Filter>
    </ClCompile>
    <ClCompile Include="gene.cpp">
      <Filter>Source Files</Filter>
    </ClCompile>
    <ClCompile Include="genome.cpp">
      <Filter>Source Files</Filter>
    </ClCompile>
    <ClCompile Include="hex.cpp">
      <Filter>Source Files</Filter>
    </ClCompile>
    <ClCompile Include="imgui.cpp">
      <Filter>Source Files</Filter>
    </ClCompile>
    <ClCompile Include="imgui_demo.cpp">
      <Filter>Source Files</Filter>
    </ClCompile>
    <ClCompile Include="imgui_draw.cpp">
      <Filter>Source Files</Filter>
    </ClCompile>
    <ClCompile Include="imgui_impl_glfw.cpp">
      <Filter>Source Files</Filter>
    </ClCompile>
    <ClCompile Include="imgui_impl_opengl3.cpp">
      <Filter>Source Files</Filter>
    </ClCompile>
    <ClCompile Include="imgui_widgets.cpp">
      <Filter>Source Files</Filter>
    </ClCompile>
    <ClCompile Include="input.cpp">
      <Filter>Source Files</Filter>
    </ClCompile>
    <ClCompile Include="livingentity.cpp">
      <Filter>Source Files</Filter>
    </ClCompile>
    <ClCompile Include="menu.cpp">
      <Filter>Source Files</Filter>
    </ClCompile>
    <ClCompile Include="netdata.cpp">
      <Filter>Source Files</Filter>
    </ClCompile>
    <ClCompile Include="neuralgenome.cpp">
      <Filter>Source Files</Filter>
    </ClCompile>
  </ItemGroup>
  <ItemGroup>
    <None Include="packages.config" />
  </ItemGroup>
</Project>