<?xml version="1.0" encoding="utf-8"?>
<Project ToolsVersion="4.0" xmlns="http://schemas.microsoft.com/developer/msbuild/2003">
  <ItemGroup>
    <Filter Include="Source Files">
      <UniqueIdentifier>{4FC737F1-C7A5-4376-A066-2A32D752A2FF}</UniqueIdentifier>
      <Extensions>cpp;c;cc;cxx;def;odl;idl;hpj;bat;asm;asmx</Extensions>
    </Filter>
    <Filter Include="Header Files">
      <UniqueIdentifier>{93995380-89BD-4b04-88EB-625FBE52EBFB}</UniqueIdentifier>
      <Extensions>h;hh;hpp;hxx;hm;inl;inc;ipp;xsd</Extensions>
    </Filter>
    <Filter Include="Resource Files">
      <UniqueIdentifier>{67DA6AB6-F800-4c08-8B7A-83BB121AAD01}</UniqueIdentifier>
      <Extensions>rc;ico;cur;bmp;dlg;rc2;rct;bin;rgs;gif;jpg;jpeg;jpe;resx;tiff;tif;png;wav;mfcribbon-ms</Extensions>
    </Filter>
    <Filter Include="Source Files\ui">
      <UniqueIdentifier>{dc0adf29-5cb9-49a7-b573-9b9659324d97}</UniqueIdentifier>
    </Filter>
    <Filter Include="Source Files\ui\imgui">
      <UniqueIdentifier>{2a957ea6-9738-4ee0-b711-a21ff0fce2d4}</UniqueIdentifier>
    </Filter>
  </ItemGroup>
  <ItemGroup>
    <ClCompile Include="src\netdata.cpp">
      <Filter>Source Files</Filter>
    </ClCompile>
    <ClCompile Include="src\neuralgenome.cpp">
      <Filter>Source Files</Filter>
    </ClCompile>
    <ClCompile Include="src\nodegene.cpp">
      <Filter>Source Files</Filter>
    </ClCompile>
    <ClCompile Include="src\plant.cpp">
      <Filter>Source Files</Filter>
    </ClCompile>
    <ClCompile Include="src\plantbody.cpp">
      <Filter>Source Files</Filter>
    </ClCompile>
    <ClCompile Include="src\polygon.cpp">
      <Filter>Source Files</Filter>
    </ClCompile>
    <ClCompile Include="src\polygondata.cpp">
      <Filter>Source Files</Filter>
    </ClCompile>
    <ClCompile Include="src\shaderutility.cpp">
      <Filter>Source Files</Filter>
    </ClCompile>
    <ClCompile Include="src\terrainmanager.cpp">
      <Filter>Source Files</Filter>
    </ClCompile>
    <ClCompile Include="src\triangle.cpp">
      <Filter>Source Files</Filter>
    </ClCompile>
    <ClCompile Include="src\vertex.cpp">
      <Filter>Source Files</Filter>
    </ClCompile>
    <ClCompile Include="src\vertexarrayobject.cpp">
      <Filter>Source Files</Filter>
    </ClCompile>
    <ClCompile Include="src\Application.cpp">
      <Filter>Source Files</Filter>
    </ClCompile>
    <ClCompile Include="src\base.cpp">
      <Filter>Source Files</Filter>
    </ClCompile>
    <ClCompile Include="src\body.cpp">
      <Filter>Source Files</Filter>
    </ClCompile>
    <ClCompile Include="src\camera.cpp">
      <Filter>Source Files</Filter>
    </ClCompile>
    <ClCompile Include="src\connectiongene.cpp">
      <Filter>Source Files</Filter>
    </ClCompile>
    <ClCompile Include="src\creature.cpp">
      <Filter>Source Files</Filter>
    </ClCompile>
    <ClCompile Include="src\creaturebody.cpp">
      <Filter>Source Files</Filter>
    </ClCompile>
    <ClCompile Include="src\drawnentity.cpp">
      <Filter>Source Files</Filter>
    </ClCompile>
    <ClCompile Include="src\entity.cpp">
      <Filter>Source Files</Filter>
    </ClCompile>
    <ClCompile Include="src\entitymanager.cpp">
      <Filter>Source Files</Filter>
    </ClCompile>
    <ClCompile Include="src\gene.cpp">
      <Filter>Source Files</Filter>
    </ClCompile>
    <ClCompile Include="src\genome.cpp">
      <Filter>Source Files</Filter>
    </ClCompile>
    <ClCompile Include="src\hex.cpp">
      <Filter>Source Files</Filter>
    </ClCompile>
    <ClCompile Include="src\input.cpp">
      <Filter>Source Files</Filter>
    </ClCompile>
    <ClCompile Include="src\livingentity.cpp">
      <Filter>Source Files</Filter>
    </ClCompile>
    <ClCompile Include="src\FastNoise.cpp">
      <Filter>Source Files</Filter>
    </ClCompile>
    <ClCompile Include="src\imgui.cpp">
      <Filter>Source Files\ui\imgui</Filter>
    </ClCompile>
    <ClCompile Include="src\imgui_demo.cpp">
      <Filter>Source Files\ui\imgui</Filter>
    </ClCompile>
    <ClCompile Include="src\imgui_draw.cpp">
      <Filter>Source Files\ui\imgui</Filter>
    </ClCompile>
    <ClCompile Include="src\imgui_impl_glfw.cpp">
      <Filter>Source Files\ui\imgui</Filter>
    </ClCompile>
    <ClCompile Include="src\imgui_impl_opengl3.cpp">
      <Filter>Source Files\ui\imgui</Filter>
    </ClCompile>
    <ClCompile Include="src\imgui_widgets.cpp">
      <Filter>Source Files\ui\imgui</Filter>
    </ClCompile>
    <ClCompile Include="src\menu.cpp">
      <Filter>Source Files\ui</Filter>
    </ClCompile>
    <ClCompile Include="src\worldwindow.cpp">
      <Filter>Source Files\ui</Filter>
    </ClCompile>
    <ClCompile Include="src\creaturewindow.cpp">
      <Filter>Source Files\ui</Filter>
    </ClCompile>
  </ItemGroup>
  <ItemGroup>
    <ClInclude Include="src\netdata.h">
      <Filter>Source Files</Filter>
    </ClInclude>
    <ClInclude Include="src\netrender.h">
      <Filter>Source Files</Filter>
    </ClInclude>
    <ClInclude Include="src\neuralgenome.h">
      <Filter>Source Files</Filter>
    </ClInclude>
    <ClInclude Include="src\nodegene.h">
      <Filter>Source Files</Filter>
    </ClInclude>
    <ClInclude Include="src\noiselayer.h">
      <Filter>Source Files</Filter>
    </ClInclude>
    <ClInclude Include="src\plant.h">
      <Filter>Source Files</Filter>
    </ClInclude>
    <ClInclude Include="src\plantbody.h">
      <Filter>Source Files</Filter>
    </ClInclude>
    <ClInclude Include="src\polygon.h">
      <Filter>Source Files</Filter>
    </ClInclude>
    <ClInclude Include="src\polygondata.h">
      <Filter>Source Files</Filter>
    </ClInclude>
    <ClInclude Include="src\shaderutility.h">
      <Filter>Source Files</Filter>
    </ClInclude>
    <ClInclude Include="src\terrainmanager.h">
      <Filter>Source Files</Filter>
    </ClInclude>
    <ClInclude Include="src\triangle.h">
      <Filter>Source Files</Filter>
    </ClInclude>
    <ClInclude Include="src\vertex.h">
      <Filter>Source Files</Filter>
    </ClInclude>
    <ClInclude Include="src\vertexarrayobject.h">
      <Filter>Source Files</Filter>
    </ClInclude>
    <ClInclude Include="src\base.h">
      <Filter>Source Files</Filter>
    </ClInclude>
    <ClInclude Include="src\body.h">
      <Filter>Source Files</Filter>
    </ClInclude>
    <ClInclude Include="src\camera.h">
      <Filter>Source Files</Filter>
    </ClInclude>
    <ClInclude Include="src\connectiongene.h">
      <Filter>Source Files</Filter>
    </ClInclude>
    <ClInclude Include="src\contactlistener.h">
      <Filter>Source Files</Filter>
    </ClInclude>
    <ClInclude Include="src\creature.h">
      <Filter>Source Files</Filter>
    </ClInclude>
    <ClInclude Include="src\creaturebody.h">
      <Filter>Source Files</Filter>
    </ClInclude>
    <ClInclude Include="src\drawnentity.h">
      <Filter>Source Files</Filter>
    </ClInclude>
    <ClInclude Include="src\entity.h">
      <Filter>Source Files</Filter>
    </ClInclude>
    <ClInclude Include="src\entitymanager.h">
      <Filter>Source Files</Filter>
    </ClInclude>
    <ClInclude Include="src\Function.h">
      <Filter>Source Files</Filter>
    </ClInclude>
    <ClInclude Include="src\gene.h">
      <Filter>Source Files</Filter>
    </ClInclude>
    <ClInclude Include="src\genemarker.h">
      <Filter>Source Files</Filter>
    </ClInclude>
    <ClInclude Include="src\genome.h">
      <Filter>Source Files</Filter>
    </ClInclude>
    <ClInclude Include="src\hex.h">
      <Filter>Source Files</Filter>
    </ClInclude>
    <ClInclude Include="src\innovationmanager.h">
      <Filter>Source Files</Filter>
    </ClInclude>
    <ClInclude Include="src\input.h">
      <Filter>Source Files</Filter>
    </ClInclude>
    <ClInclude Include="src\livingentity.h">
      <Filter>Source Files</Filter>
    </ClInclude>
    <ClInclude Include="src\FastNoise.h">
      <Filter>Source Files</Filter>
    </ClInclude>
    <ClInclude Include="src\imconfig.h">
      <Filter>Source Files\ui\imgui</Filter>
    </ClInclude>
    <ClInclude Include="src\imgui.h">
      <Filter>Source Files\ui\imgui</Filter>
    </ClInclude>
    <ClInclude Include="src\imgui_impl_glfw.h">
      <Filter>Source Files\ui\imgui</Filter>
    </ClInclude>
    <ClInclude Include="src\imgui_impl_opengl3.h">
      <Filter>Source Files\ui\imgui</Filter>
    </ClInclude>
    <ClInclude Include="src\imgui_internal.h">
      <Filter>Source Files\ui\imgui</Filter>
    </ClInclude>
    <ClInclude Include="src\imstb_rectpack.h">
      <Filter>Source Files\ui\imgui</Filter>
    </ClInclude>
    <ClInclude Include="src\imstb_textedit.h">
      <Filter>Source Files\ui\imgui</Filter>
    </ClInclude>
    <ClInclude Include="src\imstb_truetype.h">
      <Filter>Source Files\ui\imgui</Filter>
    </ClInclude>
    <ClInclude Include="src\menu.h">
      <Filter>Source Files\ui</Filter>
    </ClInclude>
    <ClInclude Include="src\menuwindow.h">
      <Filter>Source Files\ui</Filter>
    </ClInclude>
    <ClInclude Include="src\worldwindow.h">
      <Filter>Source Files\ui</Filter>
    </ClInclude>
    <ClInclude Include="src\creaturewindow.h">
      <Filter>Source Files\ui</Filter>
    </ClInclude>
  </ItemGroup>
  <ItemGroup>
    <None Include="packages.config" />
  </ItemGroup>
</Project>