<?xml version="1.0" encoding="utf-8"?>
<Project ToolsVersion="4.0" xmlns="http://schemas.microsoft.com/developer/msbuild/2003">
  <ItemGroup>
    <Filter Include="Source Files">
      <UniqueIdentifier>{4FC737F1-C7A5-4376-A066-2A32D752A2FF}</UniqueIdentifier>
      <Extensions>cpp;c;cc;cxx;c++;def;odl;idl;hpj;bat;asm;asmx</Extensions>
    </Filter>
    <Filter Include="Header Files">
      <UniqueIdentifier>{93995380-89BD-4b04-88EB-625FBE52EBFB}</UniqueIdentifier>
      <Extensions>h;hh;hpp;hxx;h++;hm;inl;inc;ipp;xsd</Extensions>
    </Filter>
    <Filter Include="Resource Files">
      <UniqueIdentifier>{67DA6AB6-F800-4c08-8B7A-83BB121AAD01}</UniqueIdentifier>
      <Extensions>rc;ico;cur;bmp;dlg;rc2;rct;bin;rgs;gif;jpg;jpeg;jpe;resx;tiff;tif;png;wav;mfcribbon-ms</Extensions>
    </Filter>
    <Filter Include="Header Files\generators">
      <UniqueIdentifier>{f2372648-383d-4852-9e7f-e67aeb4c8fa1}</UniqueIdentifier>
    </Filter>
    <Filter Include="Header Files\terrain">
      <UniqueIdentifier>{4a64563f-50d4-477d-bf60-d74dd955bdea}</UniqueIdentifier>
    </Filter>
    <Filter Include="Source Files\terrain">
      <UniqueIdentifier>{fcc343db-3c60-4395-9dfa-f696bc879dd5}</UniqueIdentifier>
    </Filter>
  </ItemGroup>
  <ItemGroup>
    <ClCompile Include="testground.cpp">
      <Filter>Source Files</Filter>
    </ClCompile>
    <ClCompile Include="..\gameengine\worldtile.cpp">
      <Filter>Source Files\terrain</Filter>
    </ClCompile>
  </ItemGroup>
  <ItemGroup>
    <None Include="packages.config" />
  </ItemGroup>
  <ItemGroup>
    <ClInclude Include="mygame.h">
      <Filter>Source Files</Filter>
    </ClInclude>
    <ClInclude Include="mylevel.h">
      <Filter>Source Files</Filter>
    </ClInclude>
    <ClInclude Include="..\gameengine\noisegenerator.h">
      <Filter>Header Files\generators</Filter>
    </ClInclude>
    <ClInclude Include="..\gameengine\terraingenerator.h">
      <Filter>Header Files\generators</Filter>
    </ClInclude>
    <ClInclude Include="..\gameengine\worldtile.h">
      <Filter>Header Files\terrain</Filter>
    </ClInclude>
    <ClInclude Include="..\gameengine\biometype.h">
      <Filter>Header Files</Filter>
    </ClInclude>
  </ItemGroup>
</Project>