<?xml version="1.0" encoding="utf-8"?>
<Project ToolsVersion="4.0" xmlns="http://schemas.microsoft.com/developer/msbuild/2003">
  <ItemGroup>
    <Filter Include="Source Files">
      <UniqueIdentifier>{4FC737F1-C7A5-4376-A066-2A32D752A2FF}</UniqueIdentifier>
      <Extensions>cpp;c;cc;cxx;c++;def;odl;idl;hpj;bat;asm;asmx</Extensions>
    </Filter>
    <Filter Include="Header Files">
      <UniqueIdentifier>{93995380-89BD-4b04-88EB-625FBE52EBFB}</UniqueIdentifier>
      <Extensions>h;hh;hpp;hxx;h++;hm;inl;inc;ipp;xsd</Extensions>
    </Filter>
    <Filter Include="Resource Files">
      <UniqueIdentifier>{67DA6AB6-F800-4c08-8B7A-83BB121AAD01}</UniqueIdentifier>
      <Extensions>rc;ico;cur;bmp;dlg;rc2;rct;bin;rgs;gif;jpg;jpeg;jpe;resx;tiff;tif;png;wav;mfcribbon-ms</Extensions>
    </Filter>
    <Filter Include="Header Files\components">
      <UniqueIdentifier>{26d5bdf4-5854-4e8b-b235-26478c736d60}</UniqueIdentifier>
    </Filter>
    <Filter Include="Header Files\entities">
      <UniqueIdentifier>{7380e144-d12f-42b7-b4c3-a86eb4651010}</UniqueIdentifier>
    </Filter>
    <Filter Include="Source Files\entities">
      <UniqueIdentifier>{ef962bc9-8156-4a75-8bfe-9fe9f5bbd8c2}</UniqueIdentifier>
    </Filter>
    <Filter Include="Header Files\managers">
      <UniqueIdentifier>{303d6eae-50ab-4635-a7e4-3490487e92ff}</UniqueIdentifier>
    </Filter>
    <Filter Include="Header Files\systems">
      <UniqueIdentifier>{26c545f4-4dc7-4315-a778-17568020a35d}</UniqueIdentifier>
    </Filter>
    <Filter Include="Source Files\managers">
      <UniqueIdentifier>{9ac0d602-3582-4d38-9400-bd57637cc15a}</UniqueIdentifier>
    </Filter>
    <Filter Include="Header Files\objects">
      <UniqueIdentifier>{78f6a916-764d-4ef2-9af5-b8063b8afa5d}</UniqueIdentifier>
    </Filter>
    <Filter Include="Header Files\structures">
      <UniqueIdentifier>{65893375-d822-4018-9189-cecda5a8b46a}</UniqueIdentifier>
    </Filter>
    <Filter Include="Source Files\structures">
      <UniqueIdentifier>{c1a616a6-26f1-4741-a337-2ffa1bbbbdf7}</UniqueIdentifier>
    </Filter>
    <Filter Include="Header Files\render">
      <UniqueIdentifier>{63d1f29e-2870-454c-828f-ee1501e8a701}</UniqueIdentifier>
    </Filter>
    <Filter Include="Source Files\render">
      <UniqueIdentifier>{f47b44d6-3ca1-4fa6-b9e5-279a7cc468e3}</UniqueIdentifier>
    </Filter>
    <Filter Include="Source Files\components">
      <UniqueIdentifier>{f322ff51-2ed3-4eb0-8176-1a2d51c06c14}</UniqueIdentifier>
    </Filter>
    <Filter Include="Source Files\systems">
      <UniqueIdentifier>{1d52da4b-d123-4194-83a0-254d34926500}</UniqueIdentifier>
    </Filter>
    <Filter Include="Header Files\events">
      <UniqueIdentifier>{d213976e-7cbf-4c58-902f-7b567ac7e46e}</UniqueIdentifier>
    </Filter>
    <Filter Include="Header Files\events\types">
      <UniqueIdentifier>{db8c220d-3db4-426e-9add-f9e61770de17}</UniqueIdentifier>
    </Filter>
    <Filter Include="Header Files\states">
      <UniqueIdentifier>{bb138832-c327-47b6-a16e-6783e9b2c80d}</UniqueIdentifier>
    </Filter>
    <Filter Include="Source Files\states">
      <UniqueIdentifier>{048d9ae3-0117-4e08-bc28-9afc8946a3f2}</UniqueIdentifier>
    </Filter>
    <Filter Include="Header Files\events\types\input">
      <UniqueIdentifier>{882d6b65-6e83-4f24-a7fd-53fef4dbd7e3}</UniqueIdentifier>
    </Filter>
    <Filter Include="Header Files\events\types\input\keyboard">
      <UniqueIdentifier>{15233b2c-5305-41ed-b060-be5ca3cd2f83}</UniqueIdentifier>
    </Filter>
    <Filter Include="Header Files\events\types\input\mouse">
      <UniqueIdentifier>{a24f221a-0b37-45e3-804f-80a8e7a9ac31}</UniqueIdentifier>
    </Filter>
    <Filter Include="Header Files\events\types\input\mouse\button">
      <UniqueIdentifier>{b7ceafbe-e45a-42ab-859c-3087832f92f9}</UniqueIdentifier>
    </Filter>
    <Filter Include="Header Files\structures\primitives">
      <UniqueIdentifier>{a1c423b6-d4dd-4761-ada9-896e5668fd11}</UniqueIdentifier>
    </Filter>
    <Filter Include="Source Files\objects">
      <UniqueIdentifier>{fe1a1189-aee1-41c9-a327-8f2d0e8688a9}</UniqueIdentifier>
    </Filter>
    <Filter Include="Header Files\events\types\camera">
      <UniqueIdentifier>{504c793b-de8d-48cb-a55c-8d267823f8be}</UniqueIdentifier>
    </Filter>
    <Filter Include="Header Files\ui">
      <UniqueIdentifier>{5484245c-d21c-4850-bd35-c20aa350e176}</UniqueIdentifier>
    </Filter>
    <Filter Include="Header Files\ui\lib">
      <UniqueIdentifier>{80eaaabb-39ba-44c2-9bdd-376d9ce84c73}</UniqueIdentifier>
    </Filter>
    <Filter Include="Source Files\ui">
      <UniqueIdentifier>{940271a7-755b-4fb8-8c60-0ee87c0ebc73}</UniqueIdentifier>
    </Filter>
    <Filter Include="Header Files\utilities">
      <UniqueIdentifier>{e4124c04-bdb8-42f7-b1ad-8da9325c4d2b}</UniqueIdentifier>
    </Filter>
    <Filter Include="Header Files\structures\terrain">
      <UniqueIdentifier>{a8bcc029-71df-4493-a92a-a6abd91d9ac4}</UniqueIdentifier>
    </Filter>
    <Filter Include="Source Files\structures\terrain">
      <UniqueIdentifier>{cff79be6-cb40-44a8-964e-53183d1ebc50}</UniqueIdentifier>
    </Filter>
    <Filter Include="Header Files\generator">
      <UniqueIdentifier>{0a6dd648-8d5d-40ca-a468-1208edd5aafe}</UniqueIdentifier>
    </Filter>
    <Filter Include="Source Files\generator">
      <UniqueIdentifier>{e2e94410-e435-4137-9803-f3431b76723c}</UniqueIdentifier>
    </Filter>
  </ItemGroup>
  <ItemGroup>
    <ClInclude Include="framework.h">
      <Filter>Header Files</Filter>
    </ClInclude>
    <ClInclude Include="pch.h">
      <Filter>Header Files</Filter>
    </ClInclude>
    <ClInclude Include="component.h">
      <Filter>Header Files\components</Filter>
    </ClInclude>
    <ClInclude Include="entity.h">
      <Filter>Header Files\entities</Filter>
    </ClInclude>
    <ClInclude Include="idmanager.h">
      <Filter>Header Files\managers</Filter>
    </ClInclude>
    <ClInclude Include="system.h">
      <Filter>Header Files\systems</Filter>
    </ClInclude>
    <ClInclude Include="componenttype.h">
      <Filter>Header Files\components</Filter>
    </ClInclude>
    <ClInclude Include="positioncomponent.h">
      <Filter>Header Files\components</Filter>
    </ClInclude>
    <ClInclude Include="velocitycomponent.h">
      <Filter>Header Files\components</Filter>
    </ClInclude>
    <ClInclude Include="rotationcomponent.h">
      <Filter>Header Files\components</Filter>
    </ClInclude>
    <ClInclude Include="systemmanager.h">
      <Filter>Header Files\managers</Filter>
    </ClInclude>
    <ClInclude Include="entitymanager.h">
      <Filter>Header Files\managers</Filter>
    </ClInclude>
    <ClInclude Include="shader.h">
      <Filter>Header Files\objects</Filter>
    </ClInclude>
    <ClInclude Include="shadermanager.h">
      <Filter>Header Files\managers</Filter>
    </ClInclude>
    <ClInclude Include="vertex.h">
      <Filter>Header Files\structures</Filter>
    </ClInclude>
    <ClInclude Include="vertexarray.h">
      <Filter>Header Files\structures</Filter>
    </ClInclude>
    <ClInclude Include="vertexarrayobject.h">
      <Filter>Header Files\render</Filter>
    </ClInclude>
    <ClInclude Include="rendercomponent.h">
      <Filter>Header Files\components</Filter>
    </ClInclude>
    <ClInclude Include="rendersystem.h">
      <Filter>Header Files\systems</Filter>
    </ClInclude>
    <ClInclude Include="event.h">
      <Filter>Header Files\events</Filter>
    </ClInclude>
    <ClInclude Include="handlerfunctionbase.h">
      <Filter>Header Files\events</Filter>
    </ClInclude>
    <ClInclude Include="memberfunctionhandler.h">
      <Filter>Header Files\events</Filter>
    </ClInclude>
    <ClInclude Include="eventbus.h">
      <Filter>Header Files\events</Filter>
    </ClInclude>
    <ClInclude Include="moveevent.h">
      <Filter>Header Files\events\types</Filter>
    </ClInclude>
    <ClInclude Include="game.h">
      <Filter>Header Files</Filter>
    </ClInclude>
    <ClInclude Include="window.h">
      <Filter>Header Files</Filter>
    </ClInclude>
    <ClInclude Include="inputmanager.h">
      <Filter>Header Files\managers</Filter>
    </ClInclude>
    <ClInclude Include="keyboardevent.h">
      <Filter>Header Files\events\types\input\keyboard</Filter>
    </ClInclude>
    <ClInclude Include="keydownevent.h">
      <Filter>Header Files\events\types\input\keyboard</Filter>
    </ClInclude>
    <ClInclude Include="keyholdevent.h">
      <Filter>Header Files\events\types\input\keyboard</Filter>
    </ClInclude>
    <ClInclude Include="keyupevent.h">
      <Filter>Header Files\events\types\input\keyboard</Filter>
    </ClInclude>
    <ClInclude Include="mouseevent.h">
      <Filter>Header Files\events\types\input\mouse</Filter>
    </ClInclude>
    <ClInclude Include="mousebuttonevent.h">
      <Filter>Header Files\events\types\input\mouse\button</Filter>
    </ClInclude>
    <ClInclude Include="mousebuttondownevent.h">
      <Filter>Header Files\events\types\input\mouse\button</Filter>
    </ClInclude>
    <ClInclude Include="mousebuttonupevent.h">
      <Filter>Header Files\events\types\input\mouse\button</Filter>
    </ClInclude>
    <ClInclude Include="events.h">
      <Filter>Header Files\events\types</Filter>
    </ClInclude>
    <ClInclude Include="mouseeventdata.h">
      <Filter>Header Files\events\types\input\mouse</Filter>
    </ClInclude>
    <ClInclude Include="mousedragevent.h">
      <Filter>Header Files\events\types\input\mouse</Filter>
    </ClInclude>
    <ClInclude Include="mousescrollevent.h">
      <Filter>Header Files\events\types\input\mouse</Filter>
    </ClInclude>
    <ClInclude Include="gamestate.h">
      <Filter>Header Files\states</Filter>
    </ClInclude>
    <ClInclude Include="systemgamestate.h">
      <Filter>Header Files\states</Filter>
    </ClInclude>
    <ClInclude Include="rectangle.h">
      <Filter>Header Files\structures\primitives</Filter>
    </ClInclude>
    <ClInclude Include="camera.h">
      <Filter>Header Files\objects</Filter>
    </ClInclude>
    <ClInclude Include="cameraevent.h">
      <Filter>Header Files\events\types\camera</Filter>
    </ClInclude>
    <ClInclude Include="cameramoveevent.h">
      <Filter>Header Files\events\types\camera</Filter>
    </ClInclude>
    <ClInclude Include="square.h">
      <Filter>Header Files\structures\primitives</Filter>
    </ClInclude>
    <ClInclude Include="camerazoomevent.h">
      <Filter>Header Files\events\types\camera</Filter>
    </ClInclude>
    <ClInclude Include="imgui.h">
      <Filter>Header Files\ui\lib</Filter>
    </ClInclude>
    <ClInclude Include="imgui_impl_glfw.h">
      <Filter>Header Files\ui\lib</Filter>
    </ClInclude>
    <ClInclude Include="imgui_impl_opengl3.h">
      <Filter>Header Files\ui\lib</Filter>
    </ClInclude>
    <ClInclude Include="uimanager.h">
      <Filter>Header Files\managers</Filter>
    </ClInclude>
    <ClInclude Include="uiwindow.h">
      <Filter>Header Files\ui</Filter>
    </ClInclude>
    <ClInclude Include="imgui_internal.h">
      <Filter>Header Files\ui\lib</Filter>
    </ClInclude>
    <ClInclude Include="imconfig.h">
      <Filter>Header Files\ui\lib</Filter>
    </ClInclude>
    <ClInclude Include="imstb_rectpack.h">
      <Filter>Header Files\ui\lib</Filter>
    </ClInclude>
    <ClInclude Include="imstb_textedit.h">
      <Filter>Header Files\ui\lib</Filter>
    </ClInclude>
    <ClInclude Include="imstb_truetype.h">
      <Filter>Header Files\ui\lib</Filter>
    </ClInclude>
    <ClInclude Include="gamestatemanager.h">
      <Filter>Header Files\managers</Filter>
    </ClInclude>
    <ClInclude Include="loggingwindow.h">
      <Filter>Header Files\ui</Filter>
    </ClInclude>
    <ClInclude Include="logger.h">
      <Filter>Header Files\utilities</Filter>
    </ClInclude>
    <ClInclude Include="logevent.h">
      <Filter>Header Files\events\types</Filter>
    </ClInclude>
    <ClInclude Include="loglevel.h">
      <Filter>Header Files\utilities</Filter>
    </ClInclude>
    <ClInclude Include="triangle.h">
      <Filter>Header Files\structures\primitives</Filter>
    </ClInclude>
    <ClInclude Include="hexagon.h">
      <Filter>Header Files\structures\primitives</Filter>
    </ClInclude>
    <ClInclude Include="worldtile.h">
      <Filter>Header Files\structures\terrain</Filter>
    </ClInclude>
    <ClInclude Include="biometype.h">
      <Filter>Header Files</Filter>
    </ClInclude>
    <ClInclude Include="terraingenerator.h">
      <Filter>Header Files\generator</Filter>
    </ClInclude>
    <ClInclude Include="noisegenerator.h">
      <Filter>Header Files\generator</Filter>
    </ClInclude>
    <ClInclude Include="FastNoise.h">
      <Filter>Header Files</Filter>
    </ClInclude>
  </ItemGroup>
  <ItemGroup>
    <ClCompile Include="gameengine.cpp">
      <Filter>Source Files</Filter>
    </ClCompile>
    <ClCompile Include="pch.cpp">
      <Filter>Source Files</Filter>
    </ClCompile>
    <ClCompile Include="entity.cpp">
      <Filter>Source Files\entities</Filter>
    </ClCompile>
    <ClCompile Include="entitymanager.cpp">
      <Filter>Source Files\managers</Filter>
    </ClCompile>
    <ClCompile Include="systemmanager.cpp">
      <Filter>Source Files\managers</Filter>
    </ClCompile>
    <ClCompile Include="shadermanager.cpp">
      <Filter>Source Files\managers</Filter>
    </ClCompile>
    <ClCompile Include="vertex.cpp">
      <Filter>Source Files\structures</Filter>
    </ClCompile>
    <ClCompile Include="vertexarray.cpp">
      <Filter>Source Files\structures</Filter>
    </ClCompile>
    <ClCompile Include="vertexarrayobject.cpp">
      <Filter>Source Files\render</Filter>
    </ClCompile>
    <ClCompile Include="rendercomponent.cpp">
      <Filter>Source Files\components</Filter>
    </ClCompile>
    <ClCompile Include="rendersystem.cpp">
      <Filter>Source Files\systems</Filter>
    </ClCompile>
    <ClCompile Include="game.cpp">
      <Filter>Source Files</Filter>
    </ClCompile>
    <ClCompile Include="window.cpp">
      <Filter>Source Files</Filter>
    </ClCompile>
    <ClCompile Include="systemgamestate.cpp">
      <Filter>Source Files\states</Filter>
    </ClCompile>
    <ClCompile Include="inputmanager.cpp">
      <Filter>Source Files\managers</Filter>
    </ClCompile>
    <ClCompile Include="camera.cpp">
      <Filter>Source Files\objects</Filter>
    </ClCompile>
    <ClCompile Include="imgui.cpp">
      <Filter>Header Files\ui\lib</Filter>
    </ClCompile>
    <ClCompile Include="imgui_impl_glfw.cpp">
      <Filter>Header Files\ui\lib</Filter>
    </ClCompile>
    <ClCompile Include="imgui_impl_opengl3.cpp">
      <Filter>Header Files\ui\lib</Filter>
    </ClCompile>
    <ClCompile Include="uimanager.cpp">
      <Filter>Source Files\managers</Filter>
    </ClCompile>
    <ClCompile Include="gamestatemanager.cpp">
      <Filter>Source Files\managers</Filter>
    </ClCompile>
    <ClCompile Include="imgui_widgets.cpp">
      <Filter>Header Files\ui\lib</Filter>
    </ClCompile>
    <ClCompile Include="imgui_draw.cpp">
      <Filter>Header Files\ui\lib</Filter>
    </ClCompile>
    <ClCompile Include="imgui_demo.cpp">
      <Filter>Header Files\ui\lib</Filter>
    </ClCompile>
    <ClCompile Include="loggingwindow.cpp">
      <Filter>Source Files\ui</Filter>
    </ClCompile>
    <ClCompile Include="worldtile.cpp">
      <Filter>Source Files\structures\terrain</Filter>
    </ClCompile>
    <ClCompile Include="terraingenerator.cpp">
      <Filter>Source Files\generator</Filter>
    </ClCompile>
    <ClCompile Include="FastNoise.cpp">
      <Filter>Header Files</Filter>
    </ClCompile>
    <ClCompile Include="noisegenerator.cpp">
      <Filter>Source Files</Filter>
    </ClCompile>
  </ItemGroup>
  <ItemGroup>
    <None Include="packages.config" />
  </ItemGroup>
</Project>